Microsoft Visual Studio Solution File, Format Version 12.00
# Visual Studio Version 17
VisualStudioVersion = 17.5.2.0
MinimumVisualStudioVersion = 10.0.40219.1
Project("{FAE04EC0-301F-11D3-BF4B-00C04F79EFBC}") = "mvc1", "mvc1.csproj", "{36397AC9-11C7-8557-3450-4FB22D280B05}"
EndProject
Global
	GlobalSection(SolutionConfigurationPlatforms) = preSolution
		Debug|Any CPU = Debug|Any CPU
		Release|Any CPU = Release|Any CPU
	EndGlobalSection
	GlobalSection(ProjectConfigurationPlatforms) = postSolution
		{36397AC9-11C7-8557-3450-4FB22D280B05}.Debug|Any CPU.ActiveCfg = Debug|Any CPU
		{36397AC9-11C7-8557-3450-4FB22D280B05}.Debug|Any CPU.Build.0 = Debug|Any CPU
		{36397AC9-11C7-8557-3450-4FB22D280B05}.Release|Any CPU.ActiveCfg = Release|Any CPU
		{36397AC9-11C7-8557-3450-4FB22D280B05}.Release|Any CPU.Build.0 = Release|Any CPU
	EndGlobalSection
	GlobalSection(SolutionProperties) = preSolution
		HideSolutionNode = FALSE
	EndGlobalSection
	GlobalSection(ExtensibilityGlobals) = postSolution
		SolutionGuid = {66A47D3A-90C3-4108-B052-EFF07CB20156}
	EndGlobalSection
EndGlobal
